{
  "name": "mediapipe-test",
  "version": "0.0.1",
  "lockfileVersion": 2,
  "requires": true,
  "packages": {
    "": {
      "name": "mediapipe-test",
      "version": "0.0.1",
      "dependencies": {
        "@mediapipe/camera_utils": "^0.3.1620247984",
        "@mediapipe/control_utils": "^0.3.1620248228",
        "@mediapipe/drawing_utils": "^0.3.1620248257",
        "@mediapipe/hands": "^0.3.1620248595"
      }
    },
    "node_modules/@mediapipe/camera_utils": {
      "version": "0.3.1620247984",
      "resolved": "https://registry.npmjs.org/@mediapipe/camera_utils/-/camera_utils-0.3.1620247984.tgz",
      "integrity": "sha512-CQEppbvSfgF5BaiA917+x/xHn8ttietc4+co/7RF98AqgjByGQHKLslog1eE7WekgBXYT/qc4z9F1HrOIfy3yQ=="
    },
    "node_modules/@mediapipe/control_utils": {
      "version": "0.3.1620248228",
      "resolved": "https://registry.npmjs.org/@mediapipe/control_utils/-/control_utils-0.3.1620248228.tgz",
      "integrity": "sha512-VWiM45/XfBwRR/Ig1VD5mVPtX4PPEPaqEhgOwHdHF/kosZorHIvKqpEnLDfkM+obiqKnPHHiBWdYzN/uAfn7Eg=="
    },
    "node_modules/@mediapipe/drawing_utils": {
      "version": "0.3.1620248257",
      "resolved": "https://registry.npmjs.org/@mediapipe/drawing_utils/-/drawing_utils-0.3.1620248257.tgz",
      "integrity": "sha512-s598oo1K6C62mX3rWXJ7n1RJFdXjyQn3f6CeI+lU6kD69MVyBcV3hdmO5LnEZlCw5NRDANtaM8WAOuqZHaldLg=="
    },
    "node_modules/@mediapipe/hands": {
      "version": "0.3.1620248595",
      "resolved": "https://registry.npmjs.org/@mediapipe/hands/-/hands-0.3.1620248595.tgz",
      "integrity": "sha512-Q3gy55oRmChFhWvnAaSiJCzeZo2bFJ++Hw1WuxlF1VoURMWuw8F+xk28GXpMfHH6s2xK5lR3Wtx66mZxUs0eEA=="
    }
  },
  "dependencies": {
    "@mediapipe/camera_utils": {
      "version": "0.3.1620247984",
      "resolved": "https://registry.npmjs.org/@mediapipe/camera_utils/-/camera_utils-0.3.1620247984.tgz",
      "integrity": "sha512-CQEppbvSfgF5BaiA917+x/xHn8ttietc4+co/7RF98AqgjByGQHKLslog1eE7WekgBXYT/qc4z9F1HrOIfy3yQ=="
    },
    "@mediapipe/control_utils": {
      "version": "0.3.1620248228",
      "resolved": "https://registry.npmjs.org/@mediapipe/control_utils/-/control_utils-0.3.1620248228.tgz",
      "integrity": "sha512-VWiM45/XfBwRR/Ig1VD5mVPtX4PPEPaqEhgOwHdHF/kosZorHIvKqpEnLDfkM+obiqKnPHHiBWdYzN/uAfn7Eg=="
    },
    "@mediapipe/drawing_utils": {
      "version": "0.3.1620248257",
      "resolved": "https://registry.npmjs.org/@mediapipe/drawing_utils/-/drawing_utils-0.3.1620248257.tgz",
      "integrity": "sha512-s598oo1K6C62mX3rWXJ7n1RJFdXjyQn3f6CeI+lU6kD69MVyBcV3hdmO5LnEZlCw5NRDANtaM8WAOuqZHaldLg=="
    },
    "@mediapipe/hands": {
      "version": "0.3.1620248595",
      "resolved": "https://registry.npmjs.org/@mediapipe/hands/-/hands-0.3.1620248595.tgz",
      "integrity": "sha512-Q3gy55oRmChFhWvnAaSiJCzeZo2bFJ++Hw1WuxlF1VoURMWuw8F+xk28GXpMfHH6s2xK5lR3Wtx66mZxUs0eEA=="
    }
  }
}
